// !$*UTF8*$!
{
	archiveVersion = 1;
	classes = {
	};
	objectVersion = 46;
	objects = {

/* Begin PBXBuildFile section */
		004FC3161F53D30500E09286 /* main.m in Sources */ = {isa = PBXBuildFile; fileRef = 004FC3151F53D30500E09286 /* main.m */; };
		004FC3191F53D30500E09286 /* AppDelegate.m in Sources */ = {isa = PBXBuildFile; fileRef = 004FC3181F53D30500E09286 /* AppDelegate.m */; };
		004FC31C1F53D30500E09286 /* ViewController.m in Sources */ = {isa = PBXBuildFile; fileRef = 004FC31B1F53D30500E09286 /* ViewController.m */; };
		004FC31F1F53D30500E09286 /* Main.storyboard in Resources */ = {isa = PBXBuildFile; fileRef = 004FC31D1F53D30500E09286 /* Main.storyboard */; };
		004FC3211F53D30500E09286 /* Assets.xcassets in Resources */ = {isa = PBXBuildFile; fileRef = 004FC3201F53D30500E09286 /* Assets.xcassets */; };
		004FC3241F53D30500E09286 /* LaunchScreen.storyboard in Resources */ = {isa = PBXBuildFile; fileRef = 004FC3221F53D30500E09286 /* LaunchScreen.storyboard */; };
		004FC32F1F53D30500E09286 /* OTPDemoTestTests.m in Sources */ = {isa = PBXBuildFile; fileRef = 004FC32E1F53D30500E09286 /* OTPDemoTestTests.m */; };
		004FC33A1F53D30500E09286 /* OTPDemoTestUITests.m in Sources */ = {isa = PBXBuildFile; fileRef = 004FC3391F53D30500E09286 /* OTPDemoTestUITests.m */; };
/* End PBXBuildFile section */

/* Begin PBXContainerItemProxy section */
		004FC32B1F53D30500E09286 /* PBXContainerItemProxy */ = {
			isa = PBXContainerItemProxy;
			containerPortal = 004FC3091F53D30500E09286 /* Project object */;
			proxyType = 1;
			remoteGlobalIDString = 004FC3101F53D30500E09286;
			remoteInfo = OTPDemoTest;
		};
		004FC3361F53D30500E09286 /* PBXContainerItemProxy */ = {
			isa = PBXContainerItemProxy;
			containerPortal = 004FC3091F53D30500E09286 /* Project object */;
			proxyType = 1;
			remoteGlobalIDString = 004FC3101F53D30500E09286;
			remoteInfo = OTPDemoTest;
		};
/* End PBXContainerItemProxy section */

/* Begin PBXFileReference section */
		004FC3111F53D30500E09286 /* OTPDemoTest.app */ = {isa = PBXFileReference; explicitFileType = wrapper.application; includeInIndex = 0; path = OTPDemoTest.app; sourceTree = BUILT_PRODUCTS_DIR; };
		004FC3151F53D30500E09286 /* main.m */ = {isa = PBXFileReference; lastKnownFileType = sourcecode.c.objc; path = main.m; sourceTree = "<group>"; };
		004FC3171F53D30500E09286 /* AppDelegate.h */ = {isa = PBXFileReference; lastKnownFileType = sourcecode.c.h; path = AppDelegate.h; sourceTree = "<group>"; };
		004FC3181F53D30500E09286 /* AppDelegate.m */ = {isa = PBXFileReference; lastKnownFileType = sourcecode.c.objc; path = AppDelegate.m; sourceTree = "<group>"; };
		004FC31A1F53D30500E09286 /* ViewController.h */ = {isa = PBXFileReference; lastKnownFileType = sourcecode.c.h; path = ViewController.h; sourceTree = "<group>"; };
		004FC31B1F53D30500E09286 /* ViewController.m */ = {isa = PBXFileReference; lastKnownFileType = sourcecode.c.objc; path = ViewController.m; sourceTree = "<group>"; };
		004FC31E1F53D30500E09286 /* Base */ = {isa = PBXFileReference; lastKnownFileType = file.storyboard; name = Base; path = Base.lproj/Main.storyboard; sourceTree = "<group>"; };
		004FC3201F53D30500E09286 /* Assets.xcassets */ = {isa = PBXFileReference; lastKnownFileType = folder.assetcatalog; path = Assets.xcassets; sourceTree = "<group>"; };
		004FC3231F53D30500E09286 /* Base */ = {isa = PBXFileReference; lastKnownFileType = file.storyboard; name = Base; path = Base.lproj/LaunchScreen.storyboard; sourceTree = "<group>"; };
		004FC3251F53D30500E09286 /* Info.plist */ = {isa = PBXFileReference; lastKnownFileType = text.plist.xml; path = Info.plist; sourceTree = "<group>"; };
		004FC32A1F53D30500E09286 /* OTPDemoTestTests.xctest */ = {isa = PBXFileReference; explicitFileType = wrapper.cfbundle; includeInIndex = 0; path = OTPDemoTestTests.xctest; sourceTree = BUILT_PRODUCTS_DIR; };
		004FC32E1F53D30500E09286 /* OTPDemoTestTests.m */ = {isa = PBXFileReference; lastKnownFileType = sourcecode.c.objc; path = OTPDemoTestTests.m; sourceTree = "<group>"; };
		004FC3301F53D30500E09286 /* Info.plist */ = {isa = PBXFileReference; lastKnownFileType = text.plist.xml; path = Info.plist; sourceTree = "<group>"; };
		004FC3351F53D30500E09286 /* OTPDemoTestUITests.xctest */ = {isa = PBXFileReference; explicitFileType = wrapper.cfbundle; includeInIndex = 0; path = OTPDemoTestUITests.xctest; sourceTree = BUILT_PRODUCTS_DIR; };
		004FC3391F53D30500E09286 /* OTPDemoTestUITests.m */ = {isa = PBXFileReference; lastKnownFileType = sourcecode.c.objc; path = OTPDemoTestUITests.m; sourceTree = "<group>"; };
		004FC33B1F53D30500E09286 /* Info.plist */ = {isa = PBXFileReference; lastKnownFileType = text.plist.xml; path = Info.plist; sourceTree = "<group>"; };
/* End PBXFileReference section */

/* Begin PBXFrameworksBuildPhase section */
		004FC30E1F53D30500E09286 /* Frameworks */ = {
			isa = PBXFrameworksBuildPhase;
			buildActionMask = 2147483647;
			files = (
			);
			runOnlyForDeploymentPostprocessing = 0;
		};
		004FC3271F53D30500E09286 /* Frameworks */ = {
			isa = PBXFrameworksBuildPhase;
			buildActionMask = 2147483647;
			files = (
			);
			runOnlyForDeploymentPostprocessing = 0;
		};
		004FC3321F53D30500E09286 /* Frameworks */ = {
			isa = PBXFrameworksBuildPhase;
			buildActionMask = 2147483647;
			files = (
			);
			runOnlyForDeploymentPostprocessing = 0;
		};
/* End PBXFrameworksBuildPhase section */

/* Begin PBXGroup section */
		004FC3081F53D30500E09286 = {
			isa = PBXGroup;
			children = (
				004FC3131F53D30500E09286 /* OTPDemoTest */,
				004FC32D1F53D30500E09286 /* OTPDemoTestTests */,
				004FC3381F53D30500E09286 /* OTPDemoTestUITests */,
				004FC3121F53D30500E09286 /* Products */,
			);
			sourceTree = "<group>";
		};
		004FC3121F53D30500E09286 /* Products */ = {
			isa = PBXGroup;
			children = (
				004FC3111F53D30500E09286 /* OTPDemoTest.app */,
				004FC32A1F53D30500E09286 /* OTPDemoTestTests.xctest */,
				004FC3351F53D30500E09286 /* OTPDemoTestUITests.xctest */,
			);
			name = Products;
			sourceTree = "<group>";
		};
		004FC3131F53D30500E09286 /* OTPDemoTest */ = {
			isa = PBXGroup;
			children = (
				004FC3171F53D30500E09286 /* AppDelegate.h */,
				004FC3181F53D30500E09286 /* AppDelegate.m */,
				004FC31A1F53D30500E09286 /* ViewController.h */,
				004FC31B1F53D30500E09286 /* ViewController.m */,
				004FC31D1F53D30500E09286 /* Main.storyboard */,
				004FC3201F53D30500E09286 /* Assets.xcassets */,
				004FC3221F53D30500E09286 /* LaunchScreen.storyboard */,
				004FC3251F53D30500E09286 /* Info.plist */,
				004FC3141F53D30500E09286 /* Supporting Files */,
			);
			path = OTPDemoTest;
			sourceTree = "<group>";
		};
		004FC3141F53D30500E09286 /* Supporting Files */ = {
			isa = PBXGroup;
			children = (
				004FC3151F53D30500E09286 /* main.m */,
			);
			name = "Supporting Files";
			sourceTree = "<group>";
		};
		004FC32D1F53D30500E09286 /* OTPDemoTestTests */ = {
			isa = PBXGroup;
			children = (
				004FC32E1F53D30500E09286 /* OTPDemoTestTests.m */,
				004FC3301F53D30500E09286 /* Info.plist */,
			);
			path = OTPDemoTestTests;
			sourceTree = "<group>";
		};
		004FC3381F53D30500E09286 /* OTPDemoTestUITests */ = {
			isa = PBXGroup;
			children = (
				004FC3391F53D30500E09286 /* OTPDemoTestUITests.m */,
				004FC33B1F53D30500E09286 /* Info.plist */,
			);
			path = OTPDemoTestUITests;
			sourceTree = "<group>";
		};
/* End PBXGroup section */

/* Begin PBXNativeTarget section */
		004FC3101F53D30500E09286 /* OTPDemoTest */ = {
			isa = PBXNativeTarget;
			buildConfigurationList = 004FC33E1F53D30500E09286 /* Build configuration list for PBXNativeTarget "OTPDemoTest" */;
			buildPhases = (
				004FC30D1F53D30500E09286 /* Sources */,
				004FC30E1F53D30500E09286 /* Frameworks */,
				004FC30F1F53D30500E09286 /* Resources */,
			);
			buildRules = (
			);
			dependencies = (
			);
			name = OTPDemoTest;
			productName = OTPDemoTest;
			productReference = 004FC3111F53D30500E09286 /* OTPDemoTest.app */;
			productType = "com.apple.product-type.application";
		};
		004FC3291F53D30500E09286 /* OTPDemoTestTests */ = {
			isa = PBXNativeTarget;
			buildConfigurationList = 004FC3411F53D30500E09286 /* Build configuration list for PBXNativeTarget "OTPDemoTestTests" */;
			buildPhases = (
				004FC3261F53D30500E09286 /* Sources */,
				004FC3271F53D30500E09286 /* Frameworks */,
				004FC3281F53D30500E09286 /* Resources */,
			);
			buildRules = (
			);
			dependencies = (
				004FC32C1F53D30500E09286 /* PBXTargetDependency */,
			);
			name = OTPDemoTestTests;
			productName = OTPDemoTestTests;
			productReference = 004FC32A1F53D30500E09286 /* OTPDemoTestTests.xctest */;
			productType = "com.apple.product-type.bundle.unit-test";
		};
		004FC3341F53D30500E09286 /* OTPDemoTestUITests */ = {
			isa = PBXNativeTarget;
			buildConfigurationList = 004FC3441F53D30500E09286 /* Build configuration list for PBXNativeTarget "OTPDemoTestUITests" */;
			buildPhases = (
				004FC3311F53D30500E09286 /* Sources */,
				004FC3321F53D30500E09286 /* Frameworks */,
				004FC3331F53D30500E09286 /* Resources */,
			);
			buildRules = (
			);
			dependencies = (
				004FC3371F53D30500E09286 /* PBXTargetDependency */,
			);
			name = OTPDemoTestUITests;
			productName = OTPDemoTestUITests;
			productReference = 004FC3351F53D30500E09286 /* OTPDemoTestUITests.xctest */;
			productType = "com.apple.product-type.bundle.ui-testing";
		};
/* End PBXNativeTarget section */

/* Begin PBXProject section */
		004FC3091F53D30500E09286 /* Project object */ = {
			isa = PBXProject;
			attributes = {
				LastUpgradeCheck = 0830;
				ORGANIZATIONNAME = "Purushottam Kumar";
				TargetAttributes = {
					004FC3101F53D30500E09286 = {
						CreatedOnToolsVersion = 8.3.3;
						DevelopmentTeam = HLK3Y74R57;
						ProvisioningStyle = Automatic;
					};
					004FC3291F53D30500E09286 = {
						CreatedOnToolsVersion = 8.3.3;
						DevelopmentTeam = HLK3Y74R57;
						ProvisioningStyle = Automatic;
						TestTargetID = 004FC3101F53D30500E09286;
					};
					004FC3341F53D30500E09286 = {
						CreatedOnToolsVersion = 8.3.3;
						DevelopmentTeam = HLK3Y74R57;
						ProvisioningStyle = Automatic;
						TestTargetID = 004FC3101F53D30500E09286;
					};
				};
			};
			buildConfigurationList = 004FC30C1F53D30500E09286 /* Build configuration list for PBXProject "OTPDemoTest" */;
			compatibilityVersion = "Xcode 3.2";
			developmentRegion = English;
			hasScannedForEncodings = 0;
			knownRegions = (
				en,
				Base,
			);
			mainGroup = 004FC3081F53D30500E09286;
			productRefGroup = 004FC3121F53D30500E09286 /* Products */;
			projectDirPath = "";
			projectRoot = "";
			targets = (
				004FC3101F53D30500E09286 /* OTPDemoTest */,
				004FC3291F53D30500E09286 /* OTPDemoTestTests */,
				004FC3341F53D30500E09286 /* OTPDemoTestUITests */,
			);
		};
/* End PBXProject section */

/* Begin PBXResourcesBuildPhase section */
		004FC30F1F53D30500E09286 /* Resources */ = {
			isa = PBXResourcesBuildPhase;
			buildActionMask = 2147483647;
			files = (
				004FC3241F53D30500E09286 /* LaunchScreen.storyboard in Resources */,
				004FC3211F53D30500E09286 /* Assets.xcassets in Resources */,
				004FC31F1F53D30500E09286 /* Main.storyboard in Resources */,
			);
			runOnlyForDeploymentPostprocessing = 0;
		};
		004FC3281F53D30500E09286 /* Resources */ = {
			isa = PBXResourcesBuildPhase;
			buildActionMask = 2147483647;
			files = (
			);
			runOnlyForDeploymentPostprocessing = 0;
		};
		004FC3331F53D30500E09286 /* Resources */ = {
			isa = PBXResourcesBuildPhase;
			buildActionMask = 2147483647;
			files = (
			);
			runOnlyForDeploymentPostprocessing = 0;
		};
/* End PBXResourcesBuildPhase section */

/* Begin PBXSourcesBuildPhase section */
		004FC30D1F53D30500E09286 /* Sources */ = {
			isa = PBXSourcesBuildPhase;
			buildActionMask = 2147483647;
			files = (
				004FC31C1F53D30500E09286 /* ViewController.m in Sources */,
				004FC3191F53D30500E09286 /* AppDelegate.m in Sources */,
				004FC3161F53D30500E09286 /* main.m in Sources */,
			);
			runOnlyForDeploymentPostprocessing = 0;
		};
		004FC3261F53D30500E09286 /* Sources */ = {
			isa = PBXSourcesBuildPhase;
			buildActionMask = 2147483647;
			files = (
				004FC32F1F53D30500E09286 /* OTPDemoTestTests.m in Sources */,
			);
			runOnlyForDeploymentPostprocessing = 0;
		};
		004FC3311F53D30500E09286 /* Sources */ = {
			isa = PBXSourcesBuildPhase;
			buildActionMask = 2147483647;
			files = (
				004FC33A1F53D30500E09286 /* OTPDemoTestUITests.m in Sources */,
			);
			runOnlyForDeploymentPostprocessing = 0;
		};
/* End PBXSourcesBuildPhase section */

/* Begin PBXTargetDependency section */
		004FC32C1F53D30500E09286 /* PBXTargetDependency */ = {
			isa = PBXTargetDependency;
			target = 004FC3101F53D30500E09286 /* OTPDemoTest */;
			targetProxy = 004FC32B1F53D30500E09286 /* PBXContainerItemProxy */;
		};
		004FC3371F53D30500E09286 /* PBXTargetDependency */ = {
			isa = PBXTargetDependency;
			target = 004FC3101F53D30500E09286 /* OTPDemoTest */;
			targetProxy = 004FC3361F53D30500E09286 /* PBXContainerItemProxy */;
		};
/* End PBXTargetDependency section */

/* Begin PBXVariantGroup section */
		004FC31D1F53D30500E09286 /* Main.storyboard */ = {
			isa = PBXVariantGroup;
			children = (
				004FC31E1F53D30500E09286 /* Base */,
			);
			name = Main.storyboard;
			sourceTree = "<group>";
		};
		004FC3221F53D30500E09286 /* LaunchScreen.storyboard */ = {
			isa = PBXVariantGroup;
			children = (
				004FC3231F53D30500E09286 /* Base */,
			);
			name = LaunchScreen.storyboard;
			sourceTree = "<group>";
		};
/* End PBXVariantGroup section */

/* Begin XCBuildConfiguration section */
		004FC33C1F53D30500E09286 /* Debug */ = {
			isa = XCBuildConfiguration;
			buildSettings = {
				ALWAYS_SEARCH_USER_PATHS = NO;
				CLANG_ANALYZER_NONNULL = YES;
				CLANG_ANALYZER_NUMBER_OBJECT_CONVERSION = YES_AGGRESSIVE;
				CLANG_CXX_LANGUAGE_STANDARD = "gnu++0x";
				CLANG_CXX_LIBRARY = "libc++";
				CLANG_ENABLE_MODULES = YES;
				CLANG_ENABLE_OBJC_ARC = YES;
				CLANG_WARN_BOOL_CONVERSION = YES;
				CLANG_WARN_CONSTANT_CONVERSION = YES;
				CLANG_WARN_DIRECT_OBJC_ISA_USAGE = YES_ERROR;
				CLANG_WARN_DOCUMENTATION_COMMENTS = YES;
				CLANG_WARN_EMPTY_BODY = YES;
				CLANG_WARN_ENUM_CONVERSION = YES;
				CLANG_WARN_INFINITE_RECURSION = YES;
				CLANG_WARN_INT_CONVERSION = YES;
				CLANG_WARN_OBJC_ROOT_CLASS = YES_ERROR;
				CLANG_WARN_SUSPICIOUS_MOVE = YES;
				CLANG_WARN_UNREACHABLE_CODE = YES;
				CLANG_WARN__DUPLICATE_METHOD_MATCH = YES;
				"CODE_SIGN_IDENTITY[sdk=iphoneos*]" = "iPhone Developer";
				COPY_PHASE_STRIP = NO;
				DEBUG_INFORMATION_FORMAT = dwarf;
				ENABLE_STRICT_OBJC_MSGSEND = YES;
				ENABLE_TESTABILITY = YES;
				GCC_C_LANGUAGE_STANDARD = gnu99;
				GCC_DYNAMIC_NO_PIC = NO;
				GCC_NO_COMMON_BLOCKS = YES;
				GCC_OPTIMIZATION_LEVEL = 0;
				GCC_PREPROCESSOR_DEFINITIONS = (
					"DEBUG=1",
					"$(inherited)",
				);
				GCC_WARN_64_TO_32_BIT_CONVERSION = YES;
				GCC_WARN_ABOUT_RETURN_TYPE = YES_ERROR;
				GCC_WARN_UNDECLARED_SELECTOR = YES;
				GCC_WARN_UNINITIALIZED_AUTOS = YES_AGGRESSIVE;
				GCC_WARN_UNUSED_FUNCTION = YES;
				GCC_WARN_UNUSED_VARIABLE = YES;
				IPHONEOS_DEPLOYMENT_TARGET = 10.3;
				MTL_ENABLE_DEBUG_INFO = YES;
				ONLY_ACTIVE_ARCH = YES;
				SDKROOT = iphoneos;
				TARGETED_DEVICE_FAMILY = "1,2";
			};
			name = Debug;
		};
		004FC33D1F53D30500E09286 /* Release */ = {
			isa = XCBuildConfiguration;
			buildSettings = {
				ALWAYS_SEARCH_USER_PATHS = NO;
				CLANG_ANALYZER_NONNULL = YES;
				CLANG_ANALYZER_NUMBER_OBJECT_CONVERSION = YES_AGGRESSIVE;
				CLANG_CXX_LANGUAGE_STANDARD = "gnu++0x";
				CLANG_CXX_LIBRARY = "libc++";
				CLANG_ENABLE_MODULES = YES;
				CLANG_ENABLE_OBJC_ARC = YES;
				CLANG_WARN_BOOL_CONVERSION = YES;
				CLANG_WARN_CONSTANT_CONVERSION = YES;
				CLANG_WARN_DIRECT_OBJC_ISA_USAGE = YES_ERROR;
				CLANG_WARN_DOCUMENTATION_COMMENTS = YES;
				CLANG_WARN_EMPTY_BODY = YES;
				CLANG_WARN_ENUM_CONVERSION = YES;
				CLANG_WARN_INFINITE_RECURSION = YES;
				CLANG_WARN_INT_CONVERSION = YES;
				CLANG_WARN_OBJC_ROOT_CLASS = YES_ERROR;
				CLANG_WARN_SUSPICIOUS_MOVE = YES;
				CLANG_WARN_UNREACHABLE_CODE = YES;
				CLANG_WARN__DUPLICATE_METHOD_MATCH = YES;
				"CODE_SIGN_IDENTITY[sdk=iphoneos*]" = "iPhone Developer";
				COPY_PHASE_STRIP = NO;
				DEBUG_INFORMATION_FORMAT = "dwarf-with-dsym";
				ENABLE_NS_ASSERTIONS = NO;
				ENABLE_STRICT_OBJC_MSGSEND = YES;
				GCC_C_LANGUAGE_STANDARD = gnu99;
				GCC_NO_COMMON_BLOCKS = YES;
				GCC_WARN_64_TO_32_BIT_CONVERSION = YES;
				GCC_WARN_ABOUT_RETURN_TYPE = YES_ERROR;
				GCC_WARN_UNDECLARED_SELECTOR = YES;
				GCC_WARN_UNINITIALIZED_AUTOS = YES_AGGRESSIVE;
				GCC_WARN_UNUSED_FUNCTION = YES;
				GCC_WARN_UNUSED_VARIABLE = YES;
				IPHONEOS_DEPLOYMENT_TARGET = 10.3;
				MTL_ENABLE_DEBUG_INFO = NO;
				SDKROOT = iphoneos;
				TARGETED_DEVICE_FAMILY = "1,2";
				VALIDATE_PRODUCT = YES;
			};
			name = Release;
		};
		004FC33F1F53D30500E09286 /* Debug */ = {
			isa = XCBuildConfiguration;
			buildSettings = {
				ASSETCATALOG_COMPILER_APPICON_NAME = AppIcon;
				DEVELOPMENT_TEAM = HLK3Y74R57;
				INFOPLIST_FILE = OTPDemoTest/Info.plist;
				LD_RUNPATH_SEARCH_PATHS = "$(inherited) @executable_path/Frameworks";
				PRODUCT_BUNDLE_IDENTIFIER = com.GoSharp.AppTesting.OTPDemoTest;
				PRODUCT_NAME = "$(TARGET_NAME)";
			};
			name = Debug;
		};
		004FC3401F53D30500E09286 /* Release */ = {
			isa = XCBuildConfiguration;
			buildSettings = {
				ASSETCATALOG_COMPILER_APPICON_NAME = AppIcon;
				DEVELOPMENT_TEAM = HLK3Y74R57;
				INFOPLIST_FILE = OTPDemoTest/Info.plist;
				LD_RUNPATH_SEARCH_PATHS = "$(inherited) @executable_path/Frameworks";
				PRODUCT_BUNDLE_IDENTIFIER = com.GoSharp.AppTesting.OTPDemoTest;
				PRODUCT_NAME = "$(TARGET_NAME)";
			};
			name = Release;
		};
		004FC3421F53D30500E09286 /* Debug */ = {
			isa = XCBuildConfiguration;
			buildSettings = {
				BUNDLE_LOADER = "$(TEST_HOST)";
				DEVELOPMENT_TEAM = HLK3Y74R57;
				INFOPLIST_FILE = OTPDemoTestTests/Info.plist;
				LD_RUNPATH_SEARCH_PATHS = "$(inherited) @executable_path/Frameworks @loader_path/Frameworks";
				PRODUCT_BUNDLE_IDENTIFIER = com.GoSharp.AppTesting.OTPDemoTestTests;
				PRODUCT_NAME = "$(TARGET_NAME)";
				TEST_HOST = "$(BUILT_PRODUCTS_DIR)/OTPDemoTest.app/OTPDemoTest";
			};
			name = Debug;
		};
		004FC3431F53D30500E09286 /* Release */ = {
			isa = XCBuildConfiguration;
			buildSettings = {
				BUNDLE_LOADER = "$(TEST_HOST)";
				DEVELOPMENT_TEAM = HLK3Y74R57;
				INFOPLIST_FILE = OTPDemoTestTests/Info.plist;
				LD_RUNPATH_SEARCH_PATHS = "$(inherited) @executable_path/Frameworks @loader_path/Frameworks";
				PRODUCT_BUNDLE_IDENTIFIER = com.GoSharp.AppTesting.OTPDemoTestTests;
				PRODUCT_NAME = "$(TARGET_NAME)";
				TEST_HOST = "$(BUILT_PRODUCTS_DIR)/OTPDemoTest.app/OTPDemoTest";
			};
			name = Release;
		};
		004FC3451F53D30500E09286 /* Debug */ = {
			isa = XCBuildConfiguration;
			buildSettings = {
				DEVELOPMENT_TEAM = HLK3Y74R57;
				INFOPLIST_FILE = OTPDemoTestUITests/Info.plist;
				LD_RUNPATH_SEARCH_PATHS = "$(inherited) @executable_path/Frameworks @loader_path/Frameworks";
				PRODUCT_BUNDLE_IDENTIFIER = com.GoSharp.AppTesting.OTPDemoTestUITests;
				PRODUCT_NAME = "$(TARGET_NAME)";
				TEST_TARGET_NAME = OTPDemoTest;
			};
			name = Debug;
		};
		004FC3461F53D30500E09286 /* Release */ = {
			isa = XCBuildConfiguration;
			buildSettings = {
				DEVELOPMENT_TEAM = HLK3Y74R57;
				INFOPLIST_FILE = OTPDemoTestUITests/Info.plist;
				LD_RUNPATH_SEARCH_PATHS = "$(inherited) @executable_path/Frameworks @loader_path/Frameworks";
				PRODUCT_BUNDLE_IDENTIFIER = com.GoSharp.AppTesting.OTPDemoTestUITests;
				PRODUCT_NAME = "$(TARGET_NAME)";
				TEST_TARGET_NAME = OTPDemoTest;
			};
			name = Release;
		};
/* End XCBuildConfiguration section */

/* Begin XCConfigurationList section */
		004FC30C1F53D30500E09286 /* Build configuration list for PBXProject "OTPDemoTest" */ = {
			isa = XCConfigurationList;
			buildConfigurations = (
				004FC33C1F53D30500E09286 /* Debug */,
				004FC33D1F53D30500E09286 /* Release */,
			);
			defaultConfigurationIsVisible = 0;
			defaultConfigurationName = Release;
		};
		004FC33E1F53D30500E09286 /* Build configuration list for PBXNativeTarget "OTPDemoTest" */ = {
			isa = XCConfigurationList;
			buildConfigurations = (
				004FC33F1F53D30500E09286 /* Debug */,
				004FC3401F53D30500E09286 /* Release */,
			);
			defaultConfigurationIsVisible = 0;
		};
		004FC3411F53D30500E09286 /* Build configuration list for PBXNativeTarget "OTPDemoTestTests" */ = {
			isa = XCConfigurationList;
			buildConfigurations = (
				004FC3421F53D30500E09286 /* Debug */,
				004FC3431F53D30500E09286 /* Release */,
			);
			defaultConfigurationIsVisible = 0;
		};
		004FC3441F53D30500E09286 /* Build configuration list for PBXNativeTarget "OTPDemoTestUITests" */ = {
			isa = XCConfigurationList;
			buildConfigurations = (
				004FC3451F53D30500E09286 /* Debug */,
				004FC3461F53D30500E09286 /* Release */,
			);
			defaultConfigurationIsVisible = 0;
		};
/* End XCConfigurationList section */
	};
	rootObject = 004FC3091F53D30500E09286 /* Project object */;
}
